
Microsoft Visual Studio Solution File, Format Version 12.00
# Visual Studio 2013
VisualStudioVersion = 12.0.21005.1
MinimumVisualStudioVersion = 10.0.40219.1
Project("{8BC9CEB8-8B4A-11D0-8D11-00A0C91BC942}") = "01-FirstPro", "01-FirstPro\01-FirstPro.vcxproj", "{AC524C2F-B691-48DA-969A-7944563B609A}"
EndProject
Project("{8BC9CEB8-8B4A-11D0-8D11-00A0C91BC942}") = "11-数组", "11-数组\11-数组.vcxproj", "{5B913E25-8A06-425C-B861-59A770BF0403}"
EndProject
Project("{8BC9CEB8-8B4A-11D0-8D11-00A0C91BC942}") = "12-字符串", "12-字符串\12-字符串.vcxproj", "{14377CAA-38C4-4996-87D0-ABC86DB25126}"
EndProject
Project("{8BC9CEB8-8B4A-11D0-8D11-00A0C91BC942}") = "13-C++字符串", "C++字符串\C++字符串.vcxproj", "{16E060F7-A3D4-4376-A3B6-EE71B790503D}"
EndProject
Project("{8BC9CEB8-8B4A-11D0-8D11-00A0C91BC942}") = "14-结构体", "14-结构体\14-结构体.vcxproj", "{E598EA90-D8AA-488A-9D4E-41F11217BDD6}"
EndProject
Project("{8BC9CEB8-8B4A-11D0-8D11-00A0C91BC942}") = "16-指针", "16-指针\16-指针.vcxproj", "{EE984B96-A761-47F7-999F-8BFB0F512C14}"
EndProject
Project("{8BC9CEB8-8B4A-11D0-8D11-00A0C91BC942}") = "17-指针和数组", "17-指针和数组\17-指针和数组.vcxproj", "{190B7545-71EC-4D2B-A9B5-107DA914934E}"
EndProject
Project("{8BC9CEB8-8B4A-11D0-8D11-00A0C91BC942}") = "18-数组的第三种实现模式", "18-数组的第三种实现模式\18-数组的第三种实现模式.vcxproj", "{BE7C2EC1-1B38-4A37-A4E0-0A17D2B3B044}"
EndProject
Project("{8BC9CEB8-8B4A-11D0-8D11-00A0C91BC942}") = "24-类型别名", "24-类型别名\24-类型别名.vcxproj", "{8DF674F8-2E4C-4E93-9DB7-475D5534E6B1}"
EndProject
Project("{8BC9CEB8-8B4A-11D0-8D11-00A0C91BC942}") = "26-do while循环", "26-do while循环\26-do while循环.vcxproj", "{F8267318-4ABD-4FF3-9ACF-F089950C1444}"
EndProject
Project("{8BC9CEB8-8B4A-11D0-8D11-00A0C91BC942}") = "27-二维数组", "27-二维数组\27-二维数组.vcxproj", "{C0A3D19C-3896-4129-AC44-FC2D2DCCB514}"
EndProject
Project("{8BC9CEB8-8B4A-11D0-8D11-00A0C91BC942}") = "32-编程练习", "32-编程练习\32-编程练习.vcxproj", "{0A9834FA-F856-4F34-9BF9-E501F56CF56A}"
EndProject
Global
	GlobalSection(SolutionConfigurationPlatforms) = preSolution
		Debug|Win32 = Debug|Win32
		Release|Win32 = Release|Win32
	EndGlobalSection
	GlobalSection(ProjectConfigurationPlatforms) = postSolution
		{AC524C2F-B691-48DA-969A-7944563B609A}.Debug|Win32.ActiveCfg = Debug|Win32
		{AC524C2F-B691-48DA-969A-7944563B609A}.Debug|Win32.Build.0 = Debug|Win32
		{AC524C2F-B691-48DA-969A-7944563B609A}.Release|Win32.ActiveCfg = Release|Win32
		{AC524C2F-B691-48DA-969A-7944563B609A}.Release|Win32.Build.0 = Release|Win32
		{5B913E25-8A06-425C-B861-59A770BF0403}.Debug|Win32.ActiveCfg = Debug|Win32
		{5B913E25-8A06-425C-B861-59A770BF0403}.Debug|Win32.Build.0 = Debug|Win32
		{5B913E25-8A06-425C-B861-59A770BF0403}.Release|Win32.ActiveCfg = Release|Win32
		{5B913E25-8A06-425C-B861-59A770BF0403}.Release|Win32.Build.0 = Release|Win32
		{14377CAA-38C4-4996-87D0-ABC86DB25126}.Debug|Win32.ActiveCfg = Debug|Win32
		{14377CAA-38C4-4996-87D0-ABC86DB25126}.Debug|Win32.Build.0 = Debug|Win32
		{14377CAA-38C4-4996-87D0-ABC86DB25126}.Release|Win32.ActiveCfg = Release|Win32
		{14377CAA-38C4-4996-87D0-ABC86DB25126}.Release|Win32.Build.0 = Release|Win32
		{16E060F7-A3D4-4376-A3B6-EE71B790503D}.Debug|Win32.ActiveCfg = Debug|Win32
		{16E060F7-A3D4-4376-A3B6-EE71B790503D}.Debug|Win32.Build.0 = Debug|Win32
		{16E060F7-A3D4-4376-A3B6-EE71B790503D}.Release|Win32.ActiveCfg = Release|Win32
		{16E060F7-A3D4-4376-A3B6-EE71B790503D}.Release|Win32.Build.0 = Release|Win32
		{E598EA90-D8AA-488A-9D4E-41F11217BDD6}.Debug|Win32.ActiveCfg = Debug|Win32
		{E598EA90-D8AA-488A-9D4E-41F11217BDD6}.Debug|Win32.Build.0 = Debug|Win32
		{E598EA90-D8AA-488A-9D4E-41F11217BDD6}.Release|Win32.ActiveCfg = Release|Win32
		{E598EA90-D8AA-488A-9D4E-41F11217BDD6}.Release|Win32.Build.0 = Release|Win32
		{EE984B96-A761-47F7-999F-8BFB0F512C14}.Debug|Win32.ActiveCfg = Debug|Win32
		{EE984B96-A761-47F7-999F-8BFB0F512C14}.Debug|Win32.Build.0 = Debug|Win32
		{EE984B96-A761-47F7-999F-8BFB0F512C14}.Release|Win32.ActiveCfg = Release|Win32
		{EE984B96-A761-47F7-999F-8BFB0F512C14}.Release|Win32.Build.0 = Release|Win32
		{190B7545-71EC-4D2B-A9B5-107DA914934E}.Debug|Win32.ActiveCfg = Debug|Win32
		{190B7545-71EC-4D2B-A9B5-107DA914934E}.Debug|Win32.Build.0 = Debug|Win32
		{190B7545-71EC-4D2B-A9B5-107DA914934E}.Release|Win32.ActiveCfg = Release|Win32
		{190B7545-71EC-4D2B-A9B5-107DA914934E}.Release|Win32.Build.0 = Release|Win32
		{BE7C2EC1-1B38-4A37-A4E0-0A17D2B3B044}.Debug|Win32.ActiveCfg = Debug|Win32
		{BE7C2EC1-1B38-4A37-A4E0-0A17D2B3B044}.Debug|Win32.Build.0 = Debug|Win32
		{BE7C2EC1-1B38-4A37-A4E0-0A17D2B3B044}.Release|Win32.ActiveCfg = Release|Win32
		{BE7C2EC1-1B38-4A37-A4E0-0A17D2B3B044}.Release|Win32.Build.0 = Release|Win32
		{8DF674F8-2E4C-4E93-9DB7-475D5534E6B1}.Debug|Win32.ActiveCfg = Debug|Win32
		{8DF674F8-2E4C-4E93-9DB7-475D5534E6B1}.Debug|Win32.Build.0 = Debug|Win32
		{8DF674F8-2E4C-4E93-9DB7-475D5534E6B1}.Release|Win32.ActiveCfg = Release|Win32
		{8DF674F8-2E4C-4E93-9DB7-475D5534E6B1}.Release|Win32.Build.0 = Release|Win32
		{F8267318-4ABD-4FF3-9ACF-F089950C1444}.Debug|Win32.ActiveCfg = Debug|Win32
		{F8267318-4ABD-4FF3-9ACF-F089950C1444}.Debug|Win32.Build.0 = Debug|Win32
		{F8267318-4ABD-4FF3-9ACF-F089950C1444}.Release|Win32.ActiveCfg = Release|Win32
		{F8267318-4ABD-4FF3-9ACF-F089950C1444}.Release|Win32.Build.0 = Release|Win32
		{C0A3D19C-3896-4129-AC44-FC2D2DCCB514}.Debug|Win32.ActiveCfg = Debug|Win32
		{C0A3D19C-3896-4129-AC44-FC2D2DCCB514}.Debug|Win32.Build.0 = Debug|Win32
		{C0A3D19C-3896-4129-AC44-FC2D2DCCB514}.Release|Win32.ActiveCfg = Release|Win32
		{C0A3D19C-3896-4129-AC44-FC2D2DCCB514}.Release|Win32.Build.0 = Release|Win32
		{0A9834FA-F856-4F34-9BF9-E501F56CF56A}.Debug|Win32.ActiveCfg = Debug|Win32
		{0A9834FA-F856-4F34-9BF9-E501F56CF56A}.Debug|Win32.Build.0 = Debug|Win32
		{0A9834FA-F856-4F34-9BF9-E501F56CF56A}.Release|Win32.ActiveCfg = Release|Win32
		{0A9834FA-F856-4F34-9BF9-E501F56CF56A}.Release|Win32.Build.0 = Release|Win32
	EndGlobalSection
	GlobalSection(SolutionProperties) = preSolution
		HideSolutionNode = FALSE
	EndGlobalSection
EndGlobal
